
Microsoft Visual Studio Solution File, Format Version 12.00
# Visual Studio Version 17
VisualStudioVersion = 17.3.32825.248
MinimumVisualStudioVersion = 10.0.40219.1
Project("{FAE04EC0-301F-11D3-BF4B-00C04F79EFBC}") = "Hospital_Management", "Hospital_Management\Hospital_Management.csproj", "{1DD2806F-69E6-4952-BE76-906E234774EE}"
EndProject
Project("{FAE04EC0-301F-11D3-BF4B-00C04F79EFBC}") = "Hospital_Management_Entity", "Hospital_Management_Entity\Hospital_Management_Entity.csproj", "{78BF4331-3ED4-4944-AC65-8EE98F227B4A}"
EndProject
Project("{FAE04EC0-301F-11D3-BF4B-00C04F79EFBC}") = "Hospital_Management_Data", "Hospital_Management_Data\Hospital_Management_Data.csproj", "{A3D3E70D-8CAD-4B78-9BAE-C2FA2BA43602}"
EndProject
Project("{FAE04EC0-301F-11D3-BF4B-00C04F79EFBC}") = "Hospital_Management_Bussiness", "Hospital_Management_Bussiness\Hospital_Management_Bussiness.csproj", "{39329ADC-5A1A-41B3-A7EA-E98A8A7A5A0C}"
EndProject
Project("{FAE04EC0-301F-11D3-BF4B-00C04F79EFBC}") = "Hospital_Management_Presentation", "Hospital_Management_Presentation\Hospital_Management_Presentation.csproj", "{D3F726E1-630D-4F80-9B2A-9351BCD56ED3}"
EndProject
Global
	GlobalSection(SolutionConfigurationPlatforms) = preSolution
		Debug|Any CPU = Debug|Any CPU
		Release|Any CPU = Release|Any CPU
	EndGlobalSection
	GlobalSection(ProjectConfigurationPlatforms) = postSolution
		{1DD2806F-69E6-4952-BE76-906E234774EE}.Debug|Any CPU.ActiveCfg = Debug|Any CPU
		{1DD2806F-69E6-4952-BE76-906E234774EE}.Debug|Any CPU.Build.0 = Debug|Any CPU
		{1DD2806F-69E6-4952-BE76-906E234774EE}.Release|Any CPU.ActiveCfg = Release|Any CPU
		{1DD2806F-69E6-4952-BE76-906E234774EE}.Release|Any CPU.Build.0 = Release|Any CPU
		{78BF4331-3ED4-4944-AC65-8EE98F227B4A}.Debug|Any CPU.ActiveCfg = Debug|Any CPU
		{78BF4331-3ED4-4944-AC65-8EE98F227B4A}.Debug|Any CPU.Build.0 = Debug|Any CPU
		{78BF4331-3ED4-4944-AC65-8EE98F227B4A}.Release|Any CPU.ActiveCfg = Release|Any CPU
		{78BF4331-3ED4-4944-AC65-8EE98F227B4A}.Release|Any CPU.Build.0 = Release|Any CPU
		{A3D3E70D-8CAD-4B78-9BAE-C2FA2BA43602}.Debug|Any CPU.ActiveCfg = Debug|Any CPU
		{A3D3E70D-8CAD-4B78-9BAE-C2FA2BA43602}.Debug|Any CPU.Build.0 = Debug|Any CPU
		{A3D3E70D-8CAD-4B78-9BAE-C2FA2BA43602}.Release|Any CPU.ActiveCfg = Release|Any CPU
		{A3D3E70D-8CAD-4B78-9BAE-C2FA2BA43602}.Release|Any CPU.Build.0 = Release|Any CPU
		{39329ADC-5A1A-41B3-A7EA-E98A8A7A5A0C}.Debug|Any CPU.ActiveCfg = Debug|Any CPU
		{39329ADC-5A1A-41B3-A7EA-E98A8A7A5A0C}.Debug|Any CPU.Build.0 = Debug|Any CPU
		{39329ADC-5A1A-41B3-A7EA-E98A8A7A5A0C}.Release|Any CPU.ActiveCfg = Release|Any CPU
		{39329ADC-5A1A-41B3-A7EA-E98A8A7A5A0C}.Release|Any CPU.Build.0 = Release|Any CPU
		{D3F726E1-630D-4F80-9B2A-9351BCD56ED3}.Debug|Any CPU.ActiveCfg = Debug|Any CPU
		{D3F726E1-630D-4F80-9B2A-9351BCD56ED3}.Debug|Any CPU.Build.0 = Debug|Any CPU
		{D3F726E1-630D-4F80-9B2A-9351BCD56ED3}.Release|Any CPU.ActiveCfg = Release|Any CPU
		{D3F726E1-630D-4F80-9B2A-9351BCD56ED3}.Release|Any CPU.Build.0 = Release|Any CPU
	EndGlobalSection
	GlobalSection(SolutionProperties) = preSolution
		HideSolutionNode = FALSE
	EndGlobalSection
	GlobalSection(ExtensibilityGlobals) = postSolution
		SolutionGuid = {6F7937EB-D473-4C7A-BB62-BE9FD24BBF8A}
	EndGlobalSection
EndGlobal
